
Microsoft Visual Studio Solution File, Format Version 12.00
# Blend for Visual Studio 15
VisualStudioVersion = 15.0.27130.2010
MinimumVisualStudioVersion = 10.0.40219.1
Project("{FAE04EC0-301F-11D3-BF4B-00C04F79EFBC}") = "TreeView", "TreeView\TreeView.csproj", "{37C61B11-4F0F-4780-8E09-E16D730689E6}"
EndProject
Global
	GlobalSection(SolutionConfigurationPlatforms) = preSolution
		Debug|Any CPU = Debug|Any CPU
		Release|Any CPU = Release|Any CPU
	EndGlobalSection
	GlobalSection(ProjectConfigurationPlatforms) = postSolution
		{37C61B11-4F0F-4780-8E09-E16D730689E6}.Debug|Any CPU.ActiveCfg = Debug|Any CPU
		{37C61B11-4F0F-4780-8E09-E16D730689E6}.Debug|Any CPU.Build.0 = Debug|Any CPU
		{37C61B11-4F0F-4780-8E09-E16D730689E6}.Release|Any CPU.ActiveCfg = Release|Any CPU
		{37C61B11-4F0F-4780-8E09-E16D730689E6}.Release|Any CPU.Build.0 = Release|Any CPU
	EndGlobalSection
	GlobalSection(SolutionProperties) = preSolution
		HideSolutionNode = FALSE
	EndGlobalSection
	GlobalSection(ExtensibilityGlobals) = postSolution
		SolutionGuid = {153C0E10-A71A-41DE-96B2-3A1DD526B535}
	EndGlobalSection
EndGlobal
